Microsoft Visual Studio Solution File, Format Version 12.00
# Visual Studio Version 17
VisualStudioVersion = 17.0.31903.59
MinimumVisualStudioVersion = 10.0.40219.1
Project("{FAE04EC0-301F-11D3-BF4B-00C04F79EFBC}") = "AdministraAoImoveis.Api", "src\AdministraAoImoveis.Api\AdministraAoImoveis.Api.csproj", "{E49CEDEE-5A62-42B8-8169-9324226C6E88}"
EndProject
Project("{FAE04EC0-301F-11D3-BF4B-00C04F79EFBC}") = "AdministraAoImoveis.Application", "src\AdministraAoImoveis.Application\AdministraAoImoveis.Application.csproj", "{5EC48FF7-A16E-4AA4-91B3-BBEDF613E992}"
EndProject
Project("{FAE04EC0-301F-11D3-BF4B-00C04F79EFBC}") = "AdministraAoImoveis.Domain", "src\AdministraAoImoveis.Domain\AdministraAoImoveis.Domain.csproj", "{35EF1115-2EE9-44C3-9FCF-68EB6CBBE7C3}"
EndProject
Project("{FAE04EC0-301F-11D3-BF4B-00C04F79EFBC}") = "AdministraAoImoveis.Infrastructure", "src\AdministraAoImoveis.Infrastructure\AdministraAoImoveis.Infrastructure.csproj", "{DDA6DEBC-3A9A-48A8-A817-1C29F0C0E4E0}"
EndProject
Global
    GlobalSection(SolutionConfigurationPlatforms) = preSolution
        Debug|Any CPU = Debug|Any CPU
        Release|Any CPU = Release|Any CPU
    EndGlobalSection
    GlobalSection(ProjectConfigurationPlatforms) = postSolution
        {E49CEDEE-5A62-42B8-8169-9324226C6E88}.Debug|Any CPU.ActiveCfg = Debug|Any CPU
        {E49CEDEE-5A62-42B8-8169-9324226C6E88}.Debug|Any CPU.Build.0 = Debug|Any CPU
        {E49CEDEE-5A62-42B8-8169-9324226C6E88}.Release|Any CPU.ActiveCfg = Release|Any CPU
        {E49CEDEE-5A62-42B8-8169-9324226C6E88}.Release|Any CPU.Build.0 = Release|Any CPU
        {5EC48FF7-A16E-4AA4-91B3-BBEDF613E992}.Debug|Any CPU.ActiveCfg = Debug|Any CPU
        {5EC48FF7-A16E-4AA4-91B3-BBEDF613E992}.Debug|Any CPU.Build.0 = Debug|Any CPU
        {5EC48FF7-A16E-4AA4-91B3-BBEDF613E992}.Release|Any CPU.ActiveCfg = Release|Any CPU
        {5EC48FF7-A16E-4AA4-91B3-BBEDF613E992}.Release|Any CPU.Build.0 = Release|Any CPU
        {35EF1115-2EE9-44C3-9FCF-68EB6CBBE7C3}.Debug|Any CPU.ActiveCfg = Debug|Any CPU
        {35EF1115-2EE9-44C3-9FCF-68EB6CBBE7C3}.Debug|Any CPU.Build.0 = Debug|Any CPU
        {35EF1115-2EE9-44C3-9FCF-68EB6CBBE7C3}.Release|Any CPU.ActiveCfg = Release|Any CPU
        {35EF1115-2EE9-44C3-9FCF-68EB6CBBE7C3}.Release|Any CPU.Build.0 = Release|Any CPU
        {DDA6DEBC-3A9A-48A8-A817-1C29F0C0E4E0}.Debug|Any CPU.ActiveCfg = Debug|Any CPU
        {DDA6DEBC-3A9A-48A8-A817-1C29F0C0E4E0}.Debug|Any CPU.Build.0 = Debug|Any CPU
        {DDA6DEBC-3A9A-48A8-A817-1C29F0C0E4E0}.Release|Any CPU.ActiveCfg = Release|Any CPU
        {DDA6DEBC-3A9A-48A8-A817-1C29F0C0E4E0}.Release|Any CPU.Build.0 = Release|Any CPU
    EndGlobalSection
    GlobalSection(SolutionProperties) = preSolution
        HideSolutionNode = FALSE
    EndGlobalSection
EndGlobal
