Microsoft Visual Studio Solution File, Format Version 12.00
# Visual Studio Version 17
VisualStudioVersion = 17.0.31912.275
MinimumVisualStudioVersion = 10.0.40219.1
Project("{FAE04EC0-301F-11D3-BF4B-00C04F79EFBC}") = "AdministraAoImoveis.Web", "src\AdministraAoImoveis.Web\AdministraAoImoveis.Web.csproj", "{9C7F62A6-7F09-4D30-9D42-2F1321C3E6E5}"
EndProject
Project("{FAE04EC0-301F-11D3-BF4B-00C04F79EFBC}") = "AdministraAoImoveis.Web.Tests", "tests\AdministraAoImoveis.Web.Tests\AdministraAoImoveis.Web.Tests.csproj", "{072BBF17-299D-41D2-991D-9F382644AD6B}"
EndProject
Global
	GlobalSection(SolutionConfigurationPlatforms) = preSolution
		Debug|Any CPU = Debug|Any CPU
		Release|Any CPU = Release|Any CPU
	EndGlobalSection
	GlobalSection(ProjectConfigurationPlatforms) = postSolution
		{9C7F62A6-7F09-4D30-9D42-2F1321C3E6E5}.Debug|Any CPU.ActiveCfg = Debug|Any CPU
		{9C7F62A6-7F09-4D30-9D42-2F1321C3E6E5}.Debug|Any CPU.Build.0 = Debug|Any CPU
		{9C7F62A6-7F09-4D30-9D42-2F1321C3E6E5}.Release|Any CPU.ActiveCfg = Release|Any CPU
		{9C7F62A6-7F09-4D30-9D42-2F1321C3E6E5}.Release|Any CPU.Build.0 = Release|Any CPU
		{072BBF17-299D-41D2-991D-9F382644AD6B}.Debug|Any CPU.ActiveCfg = Debug|Any CPU
		{072BBF17-299D-41D2-991D-9F382644AD6B}.Debug|Any CPU.Build.0 = Debug|Any CPU
		{072BBF17-299D-41D2-991D-9F382644AD6B}.Release|Any CPU.ActiveCfg = Release|Any CPU
		{072BBF17-299D-41D2-991D-9F382644AD6B}.Release|Any CPU.Build.0 = Release|Any CPU
	EndGlobalSection
	GlobalSection(SolutionProperties) = preSolution
		HideSolutionNode = FALSE
	EndGlobalSection
EndGlobal
